
Microsoft Visual Studio Solution File, Format Version 12.00
# Visual Studio Version 16
VisualStudioVersion = 16.0.31112.23
MinimumVisualStudioVersion = 10.0.40219.1
Project("{FAE04EC0-301F-11D3-BF4B-00C04F79EFBC}") = "CloudDevelopment01", "CloudDevelopment01\CloudDevelopment01.csproj", "{8DDB3309-40E2-4AB1-BE47-DF2E1A6D01E2}"
EndProject
Project("{FAE04EC0-301F-11D3-BF4B-00C04F79EFBC}") = "WebJob", "WebWorker\WebJob.csproj", "{6E6E9759-4D1C-4E82-82E6-1F2F2C87E152}"
EndProject
Global
	GlobalSection(SolutionConfigurationPlatforms) = preSolution
		Debug|Any CPU = Debug|Any CPU
		Release|Any CPU = Release|Any CPU
	EndGlobalSection
	GlobalSection(ProjectConfigurationPlatforms) = postSolution
		{8DDB3309-40E2-4AB1-BE47-DF2E1A6D01E2}.Debug|Any CPU.ActiveCfg = Debug|Any CPU
		{8DDB3309-40E2-4AB1-BE47-DF2E1A6D01E2}.Debug|Any CPU.Build.0 = Debug|Any CPU
		{8DDB3309-40E2-4AB1-BE47-DF2E1A6D01E2}.Release|Any CPU.ActiveCfg = Release|Any CPU
		{8DDB3309-40E2-4AB1-BE47-DF2E1A6D01E2}.Release|Any CPU.Build.0 = Release|Any CPU
		{6E6E9759-4D1C-4E82-82E6-1F2F2C87E152}.Debug|Any CPU.ActiveCfg = Debug|Any CPU
		{6E6E9759-4D1C-4E82-82E6-1F2F2C87E152}.Debug|Any CPU.Build.0 = Debug|Any CPU
		{6E6E9759-4D1C-4E82-82E6-1F2F2C87E152}.Release|Any CPU.ActiveCfg = Release|Any CPU
		{6E6E9759-4D1C-4E82-82E6-1F2F2C87E152}.Release|Any CPU.Build.0 = Release|Any CPU
	EndGlobalSection
	GlobalSection(SolutionProperties) = preSolution
		HideSolutionNode = FALSE
	EndGlobalSection
	GlobalSection(ExtensibilityGlobals) = postSolution
		SolutionGuid = {78693875-4967-42A1-8654-7D4FC8F71A5F}
	EndGlobalSection
EndGlobal
